
Microsoft Visual Studio Solution File, Format Version 12.00
# Visual Studio Version 16
VisualStudioVersion = 16.0.30413.136
MinimumVisualStudioVersion = 10.0.40219.1
Project("{FAE04EC0-301F-11D3-BF4B-00C04F79EFBC}") = "Kursovaya", "Kursovaya.csproj", "{A030E388-D846-4504-8EE5-8BAC42640E70}"
EndProject
Project("{2150E333-8FDC-42A3-9474-1A3956D46DE8}") = "Solution Items", "Solution Items", "{0CC0CF1D-33DD-48A7-AFD7-1E21FA7E2438}"
EndProject
Global
	GlobalSection(SolutionConfigurationPlatforms) = preSolution
		Debug|Any CPU = Debug|Any CPU
		Release|Any CPU = Release|Any CPU
	EndGlobalSection
	GlobalSection(ProjectConfigurationPlatforms) = postSolution
		{A030E388-D846-4504-8EE5-8BAC42640E70}.Debug|Any CPU.ActiveCfg = Debug|Any CPU
		{A030E388-D846-4504-8EE5-8BAC42640E70}.Debug|Any CPU.Build.0 = Debug|Any CPU
		{A030E388-D846-4504-8EE5-8BAC42640E70}.Release|Any CPU.ActiveCfg = Release|Any CPU
		{A030E388-D846-4504-8EE5-8BAC42640E70}.Release|Any CPU.Build.0 = Release|Any CPU
	EndGlobalSection
	GlobalSection(SolutionProperties) = preSolution
		HideSolutionNode = FALSE
	EndGlobalSection
	GlobalSection(ExtensibilityGlobals) = postSolution
		SolutionGuid = {F361EB93-3107-4C30-9BF7-1B5C2A52A8C7}
	EndGlobalSection
EndGlobal
